
Microsoft Visual Studio Solution File, Format Version 12.00
# Visual Studio 15
VisualStudioVersion = 15.0.27703.2000
MinimumVisualStudioVersion = 10.0.40219.1
Project("{8BC9CEB8-8B4A-11D0-8D11-00A0C91BC942}") = "Lux Modifiers", "Lux_Cam\LuxCam-2021.vcxproj", "{D2A5425F-7D10-421F-8882-A5AB9DAF58AF}"
EndProject
Project("{8BC9CEB8-8B4A-11D0-8D11-00A0C91BC942}") = "Lux Objects Bak", "Lux_Objects\luxObj-2021.vcxproj", "{940A3CB0-6D30-4BB3-B225-21243B3E49D3}"
EndProject
Project("{930C7802-8A8C-48F9-8165-68863BCCD9DD}") = "MaxToLuxWix", "MaxToLuxWix\MaxToLuxWix.wixproj", "{685FBA7F-4A79-497B-86F6-AC23F94BCA89}"
EndProject
Project("{FAE04EC0-301F-11D3-BF4B-00C04F79EFBC}") = "RegistrationInputCustomAction", "RegistrationInputCustomAction\RegistrationInputCustomAction.csproj", "{971C463F-42FB-45DD-9B45-9F8C5AE6770C}"
EndProject
Project("{8BC9CEB8-8B4A-11D0-8D11-00A0C91BC942}") = "Lux Maps", "Lux_Map\Lux_Map-2024.vcxproj", "{6F9335CA-51E5-44B8-8F90-BBF94406C8F0}"
EndProject
Project("{8BC9CEB8-8B4A-11D0-8D11-00A0C91BC942}") = "Lux Materials", "Lux_Mtl\Lux_Mtl-2024.vcxproj", "{65275FB9-9C9D-4F78-B309-89AEA5887ACD}"
EndProject
Project("{8BC9CEB8-8B4A-11D0-8D11-00A0C91BC942}") = "MaxToLux", "MaxToLux\MaxToLux-2024.vcxproj", "{6054DB90-A973-4DC0-BB14-911ACA9B4AA0}"
EndProject
Project("{8BC9CEB8-8B4A-11D0-8D11-00A0C91BC942}") = "Lux Objects", "Lux_Objects2\LuxObjects-2024.vcxproj", "{6671F0BA-6FB8-4F35-8392-0676D05113A8}"
EndProject
Global
	GlobalSection(SolutionConfigurationPlatforms) = preSolution
		All|Any CPU = All|Any CPU
		All|Mixed Platforms = All|Mixed Platforms
		All|Win32 = All|Win32
		All|x64 = All|x64
		Debug|Any CPU = Debug|Any CPU
		Debug|Mixed Platforms = Debug|Mixed Platforms
		Debug|Win32 = Debug|Win32
		Debug|x64 = Debug|x64
		Hybrid|Any CPU = Hybrid|Any CPU
		Hybrid|Mixed Platforms = Hybrid|Mixed Platforms
		Hybrid|Win32 = Hybrid|Win32
		Hybrid|x64 = Hybrid|x64
		Release|Any CPU = Release|Any CPU
		Release|Mixed Platforms = Release|Mixed Platforms
		Release|Win32 = Release|Win32
		Release|x64 = Release|x64
	EndGlobalSection
	GlobalSection(ProjectConfigurationPlatforms) = postSolution
		{D2A5425F-7D10-421F-8882-A5AB9DAF58AF}.All|Any CPU.ActiveCfg = Hybrid|x64
		{D2A5425F-7D10-421F-8882-A5AB9DAF58AF}.All|Any CPU.Build.0 = Hybrid|x64
		{D2A5425F-7D10-421F-8882-A5AB9DAF58AF}.All|Mixed Platforms.ActiveCfg = Release|x64
		{D2A5425F-7D10-421F-8882-A5AB9DAF58AF}.All|Mixed Platforms.Build.0 = Release|x64
		{D2A5425F-7D10-421F-8882-A5AB9DAF58AF}.All|Win32.ActiveCfg = Release|x64
		{D2A5425F-7D10-421F-8882-A5AB9DAF58AF}.All|Win32.Build.0 = Release|x64
		{D2A5425F-7D10-421F-8882-A5AB9DAF58AF}.All|x64.ActiveCfg = Release|x64
		{D2A5425F-7D10-421F-8882-A5AB9DAF58AF}.All|x64.Build.0 = Release|x64
		{D2A5425F-7D10-421F-8882-A5AB9DAF58AF}.Debug|Any CPU.ActiveCfg = Debug|x64
		{D2A5425F-7D10-421F-8882-A5AB9DAF58AF}.Debug|Mixed Platforms.ActiveCfg = Debug|x64
		{D2A5425F-7D10-421F-8882-A5AB9DAF58AF}.Debug|Mixed Platforms.Build.0 = Debug|x64
		{D2A5425F-7D10-421F-8882-A5AB9DAF58AF}.Debug|Win32.ActiveCfg = Debug|x64
		{D2A5425F-7D10-421F-8882-A5AB9DAF58AF}.Debug|x64.ActiveCfg = Debug|x64
		{D2A5425F-7D10-421F-8882-A5AB9DAF58AF}.Debug|x64.Build.0 = Debug|x64
		{D2A5425F-7D10-421F-8882-A5AB9DAF58AF}.Hybrid|Any CPU.ActiveCfg = Hybrid|x64
		{D2A5425F-7D10-421F-8882-A5AB9DAF58AF}.Hybrid|Mixed Platforms.ActiveCfg = Hybrid|x64
		{D2A5425F-7D10-421F-8882-A5AB9DAF58AF}.Hybrid|Mixed Platforms.Build.0 = Hybrid|x64
		{D2A5425F-7D10-421F-8882-A5AB9DAF58AF}.Hybrid|Win32.ActiveCfg = Hybrid|x64
		{D2A5425F-7D10-421F-8882-A5AB9DAF58AF}.Hybrid|x64.ActiveCfg = Hybrid|x64
		{D2A5425F-7D10-421F-8882-A5AB9DAF58AF}.Hybrid|x64.Build.0 = Hybrid|x64
		{D2A5425F-7D10-421F-8882-A5AB9DAF58AF}.Release|Any CPU.ActiveCfg = Release|x64
		{D2A5425F-7D10-421F-8882-A5AB9DAF58AF}.Release|Mixed Platforms.ActiveCfg = Release|x64
		{D2A5425F-7D10-421F-8882-A5AB9DAF58AF}.Release|Mixed Platforms.Build.0 = Release|x64
		{D2A5425F-7D10-421F-8882-A5AB9DAF58AF}.Release|Win32.ActiveCfg = Release|x64
		{D2A5425F-7D10-421F-8882-A5AB9DAF58AF}.Release|x64.ActiveCfg = Release|x64
		{D2A5425F-7D10-421F-8882-A5AB9DAF58AF}.Release|x64.Build.0 = Release|x64
		{940A3CB0-6D30-4BB3-B225-21243B3E49D3}.All|Any CPU.ActiveCfg = Release|x64
		{940A3CB0-6D30-4BB3-B225-21243B3E49D3}.All|Any CPU.Build.0 = Release|x64
		{940A3CB0-6D30-4BB3-B225-21243B3E49D3}.All|Mixed Platforms.ActiveCfg = Hybrid|x64
		{940A3CB0-6D30-4BB3-B225-21243B3E49D3}.All|Mixed Platforms.Build.0 = Hybrid|x64
		{940A3CB0-6D30-4BB3-B225-21243B3E49D3}.All|Win32.ActiveCfg = Hybrid|x64
		{940A3CB0-6D30-4BB3-B225-21243B3E49D3}.All|Win32.Build.0 = Hybrid|x64
		{940A3CB0-6D30-4BB3-B225-21243B3E49D3}.All|x64.ActiveCfg = Hybrid|x64
		{940A3CB0-6D30-4BB3-B225-21243B3E49D3}.All|x64.Build.0 = Hybrid|x64
		{940A3CB0-6D30-4BB3-B225-21243B3E49D3}.Debug|Any CPU.ActiveCfg = Debug|x64
		{940A3CB0-6D30-4BB3-B225-21243B3E49D3}.Debug|Mixed Platforms.ActiveCfg = Debug|x64
		{940A3CB0-6D30-4BB3-B225-21243B3E49D3}.Debug|Mixed Platforms.Build.0 = Debug|x64
		{940A3CB0-6D30-4BB3-B225-21243B3E49D3}.Debug|Win32.ActiveCfg = Debug|x64
		{940A3CB0-6D30-4BB3-B225-21243B3E49D3}.Debug|x64.ActiveCfg = Debug|x64
		{940A3CB0-6D30-4BB3-B225-21243B3E49D3}.Debug|x64.Build.0 = Debug|x64
		{940A3CB0-6D30-4BB3-B225-21243B3E49D3}.Hybrid|Any CPU.ActiveCfg = Hybrid|x64
		{940A3CB0-6D30-4BB3-B225-21243B3E49D3}.Hybrid|Mixed Platforms.ActiveCfg = Hybrid|x64
		{940A3CB0-6D30-4BB3-B225-21243B3E49D3}.Hybrid|Mixed Platforms.Build.0 = Hybrid|x64
		{940A3CB0-6D30-4BB3-B225-21243B3E49D3}.Hybrid|Win32.ActiveCfg = Hybrid|x64
		{940A3CB0-6D30-4BB3-B225-21243B3E49D3}.Hybrid|x64.ActiveCfg = Hybrid|x64
		{940A3CB0-6D30-4BB3-B225-21243B3E49D3}.Hybrid|x64.Build.0 = Hybrid|x64
		{940A3CB0-6D30-4BB3-B225-21243B3E49D3}.Release|Any CPU.ActiveCfg = Release|x64
		{940A3CB0-6D30-4BB3-B225-21243B3E49D3}.Release|Mixed Platforms.ActiveCfg = Release|x64
		{940A3CB0-6D30-4BB3-B225-21243B3E49D3}.Release|Mixed Platforms.Build.0 = Release|x64
		{940A3CB0-6D30-4BB3-B225-21243B3E49D3}.Release|Win32.ActiveCfg = Release|x64
		{940A3CB0-6D30-4BB3-B225-21243B3E49D3}.Release|x64.ActiveCfg = Release|x64
		{940A3CB0-6D30-4BB3-B225-21243B3E49D3}.Release|x64.Build.0 = Release|x64
		{685FBA7F-4A79-497B-86F6-AC23F94BCA89}.All|Any CPU.ActiveCfg = Release|x86
		{685FBA7F-4A79-497B-86F6-AC23F94BCA89}.All|Any CPU.Build.0 = Release|x86
		{685FBA7F-4A79-497B-86F6-AC23F94BCA89}.All|Mixed Platforms.ActiveCfg = Release|x86
		{685FBA7F-4A79-497B-86F6-AC23F94BCA89}.All|Mixed Platforms.Build.0 = Release|x86
		{685FBA7F-4A79-497B-86F6-AC23F94BCA89}.All|Win32.ActiveCfg = Release|x86
		{685FBA7F-4A79-497B-86F6-AC23F94BCA89}.All|Win32.Build.0 = Release|x86
		{685FBA7F-4A79-497B-86F6-AC23F94BCA89}.All|x64.ActiveCfg = Release|x86
		{685FBA7F-4A79-497B-86F6-AC23F94BCA89}.All|x64.Build.0 = Release|x86
		{685FBA7F-4A79-497B-86F6-AC23F94BCA89}.Debug|Any CPU.ActiveCfg = Debug|x86
		{685FBA7F-4A79-497B-86F6-AC23F94BCA89}.Debug|Mixed Platforms.ActiveCfg = Debug|x86
		{685FBA7F-4A79-497B-86F6-AC23F94BCA89}.Debug|Mixed Platforms.Build.0 = Debug|x86
		{685FBA7F-4A79-497B-86F6-AC23F94BCA89}.Debug|Win32.ActiveCfg = Debug|x86
		{685FBA7F-4A79-497B-86F6-AC23F94BCA89}.Debug|Win32.Build.0 = Debug|x86
		{685FBA7F-4A79-497B-86F6-AC23F94BCA89}.Debug|x64.ActiveCfg = Debug|x86
		{685FBA7F-4A79-497B-86F6-AC23F94BCA89}.Hybrid|Any CPU.ActiveCfg = Release|x86
		{685FBA7F-4A79-497B-86F6-AC23F94BCA89}.Hybrid|Any CPU.Build.0 = Release|x86
		{685FBA7F-4A79-497B-86F6-AC23F94BCA89}.Hybrid|Mixed Platforms.ActiveCfg = Release|x86
		{685FBA7F-4A79-497B-86F6-AC23F94BCA89}.Hybrid|Mixed Platforms.Build.0 = Release|x86
		{685FBA7F-4A79-497B-86F6-AC23F94BCA89}.Hybrid|Win32.ActiveCfg = Release|x86
		{685FBA7F-4A79-497B-86F6-AC23F94BCA89}.Hybrid|Win32.Build.0 = Release|x86
		{685FBA7F-4A79-497B-86F6-AC23F94BCA89}.Hybrid|x64.ActiveCfg = Release|x86
		{685FBA7F-4A79-497B-86F6-AC23F94BCA89}.Hybrid|x64.Build.0 = Release|x86
		{685FBA7F-4A79-497B-86F6-AC23F94BCA89}.Release|Any CPU.ActiveCfg = Release|x86
		{685FBA7F-4A79-497B-86F6-AC23F94BCA89}.Release|Mixed Platforms.ActiveCfg = Release|x86
		{685FBA7F-4A79-497B-86F6-AC23F94BCA89}.Release|Mixed Platforms.Build.0 = Release|x86
		{685FBA7F-4A79-497B-86F6-AC23F94BCA89}.Release|Win32.ActiveCfg = Release|x86
		{685FBA7F-4A79-497B-86F6-AC23F94BCA89}.Release|Win32.Build.0 = Release|x86
		{685FBA7F-4A79-497B-86F6-AC23F94BCA89}.Release|x64.ActiveCfg = Release|x86
		{971C463F-42FB-45DD-9B45-9F8C5AE6770C}.All|Any CPU.ActiveCfg = Release|x86
		{971C463F-42FB-45DD-9B45-9F8C5AE6770C}.All|Any CPU.Build.0 = Release|x86
		{971C463F-42FB-45DD-9B45-9F8C5AE6770C}.All|Mixed Platforms.ActiveCfg = Release|x86
		{971C463F-42FB-45DD-9B45-9F8C5AE6770C}.All|Mixed Platforms.Build.0 = Release|x86
		{971C463F-42FB-45DD-9B45-9F8C5AE6770C}.All|Win32.ActiveCfg = Release|x86
		{971C463F-42FB-45DD-9B45-9F8C5AE6770C}.All|Win32.Build.0 = Release|x86
		{971C463F-42FB-45DD-9B45-9F8C5AE6770C}.All|x64.ActiveCfg = Release|x86
		{971C463F-42FB-45DD-9B45-9F8C5AE6770C}.All|x64.Build.0 = Release|x86
		{971C463F-42FB-45DD-9B45-9F8C5AE6770C}.Debug|Any CPU.ActiveCfg = Debug|x86
		{971C463F-42FB-45DD-9B45-9F8C5AE6770C}.Debug|Mixed Platforms.ActiveCfg = Debug|x86
		{971C463F-42FB-45DD-9B45-9F8C5AE6770C}.Debug|Mixed Platforms.Build.0 = Debug|x86
		{971C463F-42FB-45DD-9B45-9F8C5AE6770C}.Debug|Win32.ActiveCfg = Debug|x86
		{971C463F-42FB-45DD-9B45-9F8C5AE6770C}.Debug|Win32.Build.0 = Debug|x86
		{971C463F-42FB-45DD-9B45-9F8C5AE6770C}.Debug|x64.ActiveCfg = Debug|x86
		{971C463F-42FB-45DD-9B45-9F8C5AE6770C}.Hybrid|Any CPU.ActiveCfg = Release|x86
		{971C463F-42FB-45DD-9B45-9F8C5AE6770C}.Hybrid|Any CPU.Build.0 = Release|x86
		{971C463F-42FB-45DD-9B45-9F8C5AE6770C}.Hybrid|Mixed Platforms.ActiveCfg = Release|x86
		{971C463F-42FB-45DD-9B45-9F8C5AE6770C}.Hybrid|Mixed Platforms.Build.0 = Release|x86
		{971C463F-42FB-45DD-9B45-9F8C5AE6770C}.Hybrid|Win32.ActiveCfg = Release|x86
		{971C463F-42FB-45DD-9B45-9F8C5AE6770C}.Hybrid|Win32.Build.0 = Release|x86
		{971C463F-42FB-45DD-9B45-9F8C5AE6770C}.Hybrid|x64.ActiveCfg = Release|x86
		{971C463F-42FB-45DD-9B45-9F8C5AE6770C}.Hybrid|x64.Build.0 = Release|x86
		{971C463F-42FB-45DD-9B45-9F8C5AE6770C}.Release|Any CPU.ActiveCfg = Release|x86
		{971C463F-42FB-45DD-9B45-9F8C5AE6770C}.Release|Mixed Platforms.ActiveCfg = Release|x86
		{971C463F-42FB-45DD-9B45-9F8C5AE6770C}.Release|Mixed Platforms.Build.0 = Release|x86
		{971C463F-42FB-45DD-9B45-9F8C5AE6770C}.Release|Win32.ActiveCfg = Release|x86
		{971C463F-42FB-45DD-9B45-9F8C5AE6770C}.Release|Win32.Build.0 = Release|x86
		{971C463F-42FB-45DD-9B45-9F8C5AE6770C}.Release|x64.ActiveCfg = Release|x86
		{6F9335CA-51E5-44B8-8F90-BBF94406C8F0}.All|Any CPU.ActiveCfg = Release|x64
		{6F9335CA-51E5-44B8-8F90-BBF94406C8F0}.All|Any CPU.Build.0 = Release|x64
		{6F9335CA-51E5-44B8-8F90-BBF94406C8F0}.All|Mixed Platforms.ActiveCfg = Release|x64
		{6F9335CA-51E5-44B8-8F90-BBF94406C8F0}.All|Mixed Platforms.Build.0 = Release|x64
		{6F9335CA-51E5-44B8-8F90-BBF94406C8F0}.All|Win32.ActiveCfg = Release|x64
		{6F9335CA-51E5-44B8-8F90-BBF94406C8F0}.All|Win32.Build.0 = Release|x64
		{6F9335CA-51E5-44B8-8F90-BBF94406C8F0}.All|x64.ActiveCfg = Release|x64
		{6F9335CA-51E5-44B8-8F90-BBF94406C8F0}.All|x64.Build.0 = Release|x64
		{6F9335CA-51E5-44B8-8F90-BBF94406C8F0}.Debug|Any CPU.ActiveCfg = Debug|x64
		{6F9335CA-51E5-44B8-8F90-BBF94406C8F0}.Debug|Mixed Platforms.ActiveCfg = Debug|x64
		{6F9335CA-51E5-44B8-8F90-BBF94406C8F0}.Debug|Mixed Platforms.Build.0 = Debug|x64
		{6F9335CA-51E5-44B8-8F90-BBF94406C8F0}.Debug|Win32.ActiveCfg = Debug|x64
		{6F9335CA-51E5-44B8-8F90-BBF94406C8F0}.Debug|x64.ActiveCfg = Debug|x64
		{6F9335CA-51E5-44B8-8F90-BBF94406C8F0}.Debug|x64.Build.0 = Debug|x64
		{6F9335CA-51E5-44B8-8F90-BBF94406C8F0}.Hybrid|Any CPU.ActiveCfg = Hybrid|x64
		{6F9335CA-51E5-44B8-8F90-BBF94406C8F0}.Hybrid|Mixed Platforms.ActiveCfg = Hybrid|x64
		{6F9335CA-51E5-44B8-8F90-BBF94406C8F0}.Hybrid|Mixed Platforms.Build.0 = Hybrid|x64
		{6F9335CA-51E5-44B8-8F90-BBF94406C8F0}.Hybrid|Win32.ActiveCfg = Hybrid|x64
		{6F9335CA-51E5-44B8-8F90-BBF94406C8F0}.Hybrid|x64.ActiveCfg = Hybrid|x64
		{6F9335CA-51E5-44B8-8F90-BBF94406C8F0}.Hybrid|x64.Build.0 = Hybrid|x64
		{6F9335CA-51E5-44B8-8F90-BBF94406C8F0}.Release|Any CPU.ActiveCfg = Release|x64
		{6F9335CA-51E5-44B8-8F90-BBF94406C8F0}.Release|Mixed Platforms.ActiveCfg = Release|x64
		{6F9335CA-51E5-44B8-8F90-BBF94406C8F0}.Release|Mixed Platforms.Build.0 = Release|x64
		{6F9335CA-51E5-44B8-8F90-BBF94406C8F0}.Release|Win32.ActiveCfg = Release|x64
		{6F9335CA-51E5-44B8-8F90-BBF94406C8F0}.Release|x64.ActiveCfg = Release|x64
		{6F9335CA-51E5-44B8-8F90-BBF94406C8F0}.Release|x64.Build.0 = Release|x64
		{65275FB9-9C9D-4F78-B309-89AEA5887ACD}.All|Any CPU.ActiveCfg = Release|x64
		{65275FB9-9C9D-4F78-B309-89AEA5887ACD}.All|Any CPU.Build.0 = Release|x64
		{65275FB9-9C9D-4F78-B309-89AEA5887ACD}.All|Mixed Platforms.ActiveCfg = Release|x64
		{65275FB9-9C9D-4F78-B309-89AEA5887ACD}.All|Mixed Platforms.Build.0 = Release|x64
		{65275FB9-9C9D-4F78-B309-89AEA5887ACD}.All|Win32.ActiveCfg = Release|x64
		{65275FB9-9C9D-4F78-B309-89AEA5887ACD}.All|Win32.Build.0 = Release|x64
		{65275FB9-9C9D-4F78-B309-89AEA5887ACD}.All|x64.ActiveCfg = Release|x64
		{65275FB9-9C9D-4F78-B309-89AEA5887ACD}.All|x64.Build.0 = Release|x64
		{65275FB9-9C9D-4F78-B309-89AEA5887ACD}.Debug|Any CPU.ActiveCfg = Debug|x64
		{65275FB9-9C9D-4F78-B309-89AEA5887ACD}.Debug|Mixed Platforms.ActiveCfg = Debug|x64
		{65275FB9-9C9D-4F78-B309-89AEA5887ACD}.Debug|Mixed Platforms.Build.0 = Debug|x64
		{65275FB9-9C9D-4F78-B309-89AEA5887ACD}.Debug|Win32.ActiveCfg = Debug|x64
		{65275FB9-9C9D-4F78-B309-89AEA5887ACD}.Debug|x64.ActiveCfg = Debug|x64
		{65275FB9-9C9D-4F78-B309-89AEA5887ACD}.Debug|x64.Build.0 = Debug|x64
		{65275FB9-9C9D-4F78-B309-89AEA5887ACD}.Hybrid|Any CPU.ActiveCfg = Hybrid|x64
		{65275FB9-9C9D-4F78-B309-89AEA5887ACD}.Hybrid|Mixed Platforms.ActiveCfg = Hybrid|x64
		{65275FB9-9C9D-4F78-B309-89AEA5887ACD}.Hybrid|Mixed Platforms.Build.0 = Hybrid|x64
		{65275FB9-9C9D-4F78-B309-89AEA5887ACD}.Hybrid|Win32.ActiveCfg = Hybrid|x64
		{65275FB9-9C9D-4F78-B309-89AEA5887ACD}.Hybrid|x64.ActiveCfg = Hybrid|x64
		{65275FB9-9C9D-4F78-B309-89AEA5887ACD}.Hybrid|x64.Build.0 = Hybrid|x64
		{65275FB9-9C9D-4F78-B309-89AEA5887ACD}.Release|Any CPU.ActiveCfg = Release|x64
		{65275FB9-9C9D-4F78-B309-89AEA5887ACD}.Release|Mixed Platforms.ActiveCfg = Release|x64
		{65275FB9-9C9D-4F78-B309-89AEA5887ACD}.Release|Mixed Platforms.Build.0 = Release|x64
		{65275FB9-9C9D-4F78-B309-89AEA5887ACD}.Release|Win32.ActiveCfg = Release|x64
		{65275FB9-9C9D-4F78-B309-89AEA5887ACD}.Release|x64.ActiveCfg = Release|x64
		{65275FB9-9C9D-4F78-B309-89AEA5887ACD}.Release|x64.Build.0 = Release|x64
		{6054DB90-A973-4DC0-BB14-911ACA9B4AA0}.All|Any CPU.ActiveCfg = Release|x64
		{6054DB90-A973-4DC0-BB14-911ACA9B4AA0}.All|Any CPU.Build.0 = Release|x64
		{6054DB90-A973-4DC0-BB14-911ACA9B4AA0}.All|Mixed Platforms.ActiveCfg = Release|Win32
		{6054DB90-A973-4DC0-BB14-911ACA9B4AA0}.All|Mixed Platforms.Build.0 = Release|Win32
		{6054DB90-A973-4DC0-BB14-911ACA9B4AA0}.All|Win32.ActiveCfg = Release|Win32
		{6054DB90-A973-4DC0-BB14-911ACA9B4AA0}.All|Win32.Build.0 = Release|Win32
		{6054DB90-A973-4DC0-BB14-911ACA9B4AA0}.All|x64.ActiveCfg = Release|x64
		{6054DB90-A973-4DC0-BB14-911ACA9B4AA0}.All|x64.Build.0 = Release|x64
		{6054DB90-A973-4DC0-BB14-911ACA9B4AA0}.Debug|Any CPU.ActiveCfg = Debug|Win32
		{6054DB90-A973-4DC0-BB14-911ACA9B4AA0}.Debug|Mixed Platforms.ActiveCfg = Debug|Win32
		{6054DB90-A973-4DC0-BB14-911ACA9B4AA0}.Debug|Mixed Platforms.Build.0 = Debug|Win32
		{6054DB90-A973-4DC0-BB14-911ACA9B4AA0}.Debug|Win32.ActiveCfg = Debug|Win32
		{6054DB90-A973-4DC0-BB14-911ACA9B4AA0}.Debug|Win32.Build.0 = Debug|Win32
		{6054DB90-A973-4DC0-BB14-911ACA9B4AA0}.Debug|x64.ActiveCfg = Debug|x64
		{6054DB90-A973-4DC0-BB14-911ACA9B4AA0}.Debug|x64.Build.0 = Debug|x64
		{6054DB90-A973-4DC0-BB14-911ACA9B4AA0}.Hybrid|Any CPU.ActiveCfg = Hybrid|Win32
		{6054DB90-A973-4DC0-BB14-911ACA9B4AA0}.Hybrid|Mixed Platforms.ActiveCfg = Hybrid|Win32
		{6054DB90-A973-4DC0-BB14-911ACA9B4AA0}.Hybrid|Mixed Platforms.Build.0 = Hybrid|Win32
		{6054DB90-A973-4DC0-BB14-911ACA9B4AA0}.Hybrid|Win32.ActiveCfg = Hybrid|Win32
		{6054DB90-A973-4DC0-BB14-911ACA9B4AA0}.Hybrid|Win32.Build.0 = Hybrid|Win32
		{6054DB90-A973-4DC0-BB14-911ACA9B4AA0}.Hybrid|x64.ActiveCfg = Hybrid|x64
		{6054DB90-A973-4DC0-BB14-911ACA9B4AA0}.Hybrid|x64.Build.0 = Hybrid|x64
		{6054DB90-A973-4DC0-BB14-911ACA9B4AA0}.Release|Any CPU.ActiveCfg = Release|Win32
		{6054DB90-A973-4DC0-BB14-911ACA9B4AA0}.Release|Mixed Platforms.ActiveCfg = Release|Win32
		{6054DB90-A973-4DC0-BB14-911ACA9B4AA0}.Release|Mixed Platforms.Build.0 = Release|Win32
		{6054DB90-A973-4DC0-BB14-911ACA9B4AA0}.Release|Win32.ActiveCfg = Release|Win32
		{6054DB90-A973-4DC0-BB14-911ACA9B4AA0}.Release|Win32.Build.0 = Release|Win32
		{6054DB90-A973-4DC0-BB14-911ACA9B4AA0}.Release|x64.ActiveCfg = Release|x64
		{6054DB90-A973-4DC0-BB14-911ACA9B4AA0}.Release|x64.Build.0 = Release|x64
		{6671F0BA-6FB8-4F35-8392-0676D05113A8}.All|Any CPU.ActiveCfg = Release|x64
		{6671F0BA-6FB8-4F35-8392-0676D05113A8}.All|Any CPU.Build.0 = Release|x64
		{6671F0BA-6FB8-4F35-8392-0676D05113A8}.All|Mixed Platforms.ActiveCfg = Release|x64
		{6671F0BA-6FB8-4F35-8392-0676D05113A8}.All|Mixed Platforms.Build.0 = Release|x64
		{6671F0BA-6FB8-4F35-8392-0676D05113A8}.All|Win32.ActiveCfg = Release|x64
		{6671F0BA-6FB8-4F35-8392-0676D05113A8}.All|Win32.Build.0 = Release|x64
		{6671F0BA-6FB8-4F35-8392-0676D05113A8}.All|x64.ActiveCfg = Release|x64
		{6671F0BA-6FB8-4F35-8392-0676D05113A8}.All|x64.Build.0 = Release|x64
		{6671F0BA-6FB8-4F35-8392-0676D05113A8}.Debug|Any CPU.ActiveCfg = Debug|x64
		{6671F0BA-6FB8-4F35-8392-0676D05113A8}.Debug|Mixed Platforms.ActiveCfg = Debug|x64
		{6671F0BA-6FB8-4F35-8392-0676D05113A8}.Debug|Mixed Platforms.Build.0 = Debug|x64
		{6671F0BA-6FB8-4F35-8392-0676D05113A8}.Debug|Win32.ActiveCfg = Debug|x64
		{6671F0BA-6FB8-4F35-8392-0676D05113A8}.Debug|x64.ActiveCfg = Debug|x64
		{6671F0BA-6FB8-4F35-8392-0676D05113A8}.Debug|x64.Build.0 = Debug|x64
		{6671F0BA-6FB8-4F35-8392-0676D05113A8}.Hybrid|Any CPU.ActiveCfg = Hybrid|x64
		{6671F0BA-6FB8-4F35-8392-0676D05113A8}.Hybrid|Mixed Platforms.ActiveCfg = Hybrid|x64
		{6671F0BA-6FB8-4F35-8392-0676D05113A8}.Hybrid|Mixed Platforms.Build.0 = Hybrid|x64
		{6671F0BA-6FB8-4F35-8392-0676D05113A8}.Hybrid|Win32.ActiveCfg = Hybrid|x64
		{6671F0BA-6FB8-4F35-8392-0676D05113A8}.Hybrid|x64.ActiveCfg = Hybrid|x64
		{6671F0BA-6FB8-4F35-8392-0676D05113A8}.Hybrid|x64.Build.0 = Hybrid|x64
		{6671F0BA-6FB8-4F35-8392-0676D05113A8}.Release|Any CPU.ActiveCfg = Release|x64
		{6671F0BA-6FB8-4F35-8392-0676D05113A8}.Release|Mixed Platforms.ActiveCfg = Release|x64
		{6671F0BA-6FB8-4F35-8392-0676D05113A8}.Release|Mixed Platforms.Build.0 = Release|x64
		{6671F0BA-6FB8-4F35-8392-0676D05113A8}.Release|Win32.ActiveCfg = Release|x64
		{6671F0BA-6FB8-4F35-8392-0676D05113A8}.Release|x64.ActiveCfg = Release|x64
		{6671F0BA-6FB8-4F35-8392-0676D05113A8}.Release|x64.Build.0 = Release|x64
	EndGlobalSection
	GlobalSection(SolutionProperties) = preSolution
		HideSolutionNode = FALSE
	EndGlobalSection
	GlobalSection(ExtensibilityGlobals) = postSolution
		SolutionGuid = {CA5B5589-CED0-4498-9868-CF344AFD3D5E}
	EndGlobalSection
EndGlobal
