<?xml version="1.0" encoding="utf-8"?>
<Project ToolsVersion="4.0" xmlns="http://schemas.microsoft.com/developer/msbuild/2003">
  <ItemGroup>
    <ClCompile Include="DllEntry.cpp">
      <Filter>Source Files</Filter>
    </ClCompile>
    <ClCompile Include="Lux_Archglass.cpp">
      <Filter>Source Files</Filter>
    </ClCompile>
    <ClCompile Include="Lux_Carpaint.cpp">
      <Filter>Source Files</Filter>
    </ClCompile>
    <ClCompile Include="Lux_Cloth.cpp">
      <Filter>Source Files</Filter>
    </ClCompile>
    <ClCompile Include="Lux_Glass.cpp">
      <Filter>Source Files</Filter>
    </ClCompile>
    <ClCompile Include="Lux_Glossy_Coating.cpp">
      <Filter>Source Files</Filter>
    </ClCompile>
    <ClCompile Include="Lux_Glossy_Translucent.cpp">
      <Filter>Source Files</Filter>
    </ClCompile>
    <ClCompile Include="Lux_Glossy2.cpp">
      <Filter>Source Files</Filter>
    </ClCompile>
    <ClCompile Include="Lux_Light.cpp">
      <Filter>Source Files</Filter>
    </ClCompile>
    <ClCompile Include="Lux_Matte.cpp">
      <Filter>Source Files</Filter>
    </ClCompile>
    <ClCompile Include="Lux_Matte_Translucent.cpp">
      <Filter>Source Files</Filter>
    </ClCompile>
    <ClCompile Include="Lux_Metal.cpp">
      <Filter>Source Files</Filter>
    </ClCompile>
    <ClCompile Include="Lux_Mirror.cpp">
      <Filter>Source Files</Filter>
    </ClCompile>
    <ClCompile Include="Lux_Mix.cpp">
      <Filter>Source Files</Filter>
    </ClCompile>
    <ClCompile Include="Lux_Rough_Glass.cpp">
      <Filter>Source Files</Filter>
    </ClCompile>
    <ClCompile Include="Lux_Rough_Matte.cpp">
      <Filter>Source Files</Filter>
    </ClCompile>
    <ClCompile Include="Lux_Velvet.cpp">
      <Filter>Source Files</Filter>
    </ClCompile>
  </ItemGroup>
  <ItemGroup>
    <ClInclude Include="3dsmaxsdk_preinclude.h">
      <Filter>Header Files</Filter>
    </ClInclude>
    <ClInclude Include="resource.h">
      <Filter>Header Files</Filter>
    </ClInclude>
    <ClInclude Include="Lux_Mtl.h">
      <Filter>Header Files</Filter>
    </ClInclude>
  </ItemGroup>
  <ItemGroup>
    <Filter Include="Header Files">
      <UniqueIdentifier>{92f20462-242f-4a0c-883e-b3c33819b84b}</UniqueIdentifier>
    </Filter>
    <Filter Include="Resource Files">
      <UniqueIdentifier>{ad6e765e-4300-41dc-b185-05b019286785}</UniqueIdentifier>
    </Filter>
    <Filter Include="Source Files">
      <UniqueIdentifier>{e390d358-54f6-4cbb-9566-5e9a8a84bef2}</UniqueIdentifier>
    </Filter>
  </ItemGroup>
  <ItemGroup>
    <None Include="Lux_Mtl.def">
      <Filter>Source Files</Filter>
    </None>
  </ItemGroup>
  <ItemGroup>
    <ResourceCompile Include="Lux_Mtl.rc">
      <Filter>Resource Files</Filter>
    </ResourceCompile>
  </ItemGroup>
</Project>