<?xml version="1.0" encoding="utf-8"?>
<Project ToolsVersion="4.0" xmlns="http://schemas.microsoft.com/developer/msbuild/2003">
  <ItemGroup>
    <ClCompile Include="DllEntry.cpp">
      <Filter>Source Files</Filter>
    </ClCompile>
    <ClCompile Include="Lux_Archglass.cpp">
      <Filter>Source Files</Filter>
    </ClCompile>
    <ClCompile Include="Lux_Carpaint.cpp">
      <Filter>Source Files</Filter>
    </ClCompile>
    <ClCompile Include="Lux_Cloth.cpp">
      <Filter>Source Files</Filter>
    </ClCompile>
    <ClCompile Include="Lux_Glass.cpp">
      <Filter>Source Files</Filter>
    </ClCompile>
    <ClCompile Include="Lux_Glossy_Coating.cpp">
      <Filter>Source Files</Filter>
    </ClCompile>
    <ClCompile Include="Lux_Glossy_Translucent.cpp">
      <Filter>Source Files</Filter>
    </ClCompile>
    <ClCompile Include="Lux_Glossy2.cpp">
      <Filter>Source Files</Filter>
    </ClCompile>
    <ClCompile Include="Lux_Light.cpp">
      <Filter>Source Files</Filter>
    </ClCompile>
    <ClCompile Include="Lux_Matte.cpp">
      <Filter>Source Files</Filter>
    </ClCompile>
    <ClCompile Include="Lux_Matte_Translucent.cpp">
      <Filter>Source Files</Filter>
    </ClCompile>
    <ClCompile Include="Lux_Metal.cpp">
      <Filter>Source Files</Filter>
    </ClCompile>
    <ClCompile Include="Lux_Mirror.cpp">
      <Filter>Source Files</Filter>
    </ClCompile>
    <ClCompile Include="Lux_Mix.cpp">
      <Filter>Source Files</Filter>
    </ClCompile>
    <ClCompile Include="Lux_Rough_Glass.cpp">
      <Filter>Source Files</Filter>
    </ClCompile>
    <ClCompile Include="Lux_Rough_Matte.cpp">
      <Filter>Source Files</Filter>
    </ClCompile>
    <ClCompile Include="Lux_Velvet.cpp">
      <Filter>Source Files</Filter>
    </ClCompile>
  </ItemGroup>
  <ItemGroup>
    <ClInclude Include="3dsmaxsdk_preinclude.h">
      <Filter>Header Files</Filter>
    </ClInclude>
    <ClInclude Include="resource.h">
      <Filter>Header Files</Filter>
    </ClInclude>
    <ClInclude Include="Lux_Materal.h">
      <Filter>Header Files</Filter>
    </ClInclude>
  </ItemGroup>
  <ItemGroup>
    <Filter Include="Header Files">
      <UniqueIdentifier>{2C5A5752-C4BE-4727-B2E8-A1EB1F9CD567}</UniqueIdentifier>
    </Filter>
    <Filter Include="Resource Files">
      <UniqueIdentifier>{D1D44B55-6E7A-4305-A360-95187ECE2C59}</UniqueIdentifier>
    </Filter>
    <Filter Include="Source Files">
      <UniqueIdentifier>{A5715466-02FA-43AA-A507-0E3261852C14}</UniqueIdentifier>
    </Filter>
  </ItemGroup>
  <ItemGroup>
    <None Include="Lux_Mtl.def">
      <Filter>Source Files</Filter>
    </None>
  </ItemGroup>
  <ItemGroup>
    <ResourceCompile Include="Lux_Mtl.rc">
      <Filter>Resource Files</Filter>
    </ResourceCompile>
  </ItemGroup>
</Project>