<?xml version="1.0" encoding="utf-8"?>
<Project ToolsVersion="4.0" xmlns="http://schemas.microsoft.com/developer/msbuild/2003">
  <ItemGroup>
    <ClCompile Include="Classes.cpp">
      <Filter>Source Files</Filter>
    </ClCompile>
    <ClCompile Include="LuxCamera.cpp">
      <Filter>Source Files</Filter>
    </ClCompile>
    <ClCompile Include="LuxLights.cpp">
      <Filter>Source Files</Filter>
    </ClCompile>
    <ClCompile Include="LuxMaterials.cpp">
      <Filter>Source Files</Filter>
    </ClCompile>
    <ClCompile Include="LuxMesh.cpp">
      <Filter>Source Files</Filter>
    </ClCompile>
    <ClCompile Include="LuxUtils.cpp">
      <Filter>Source Files</Filter>
    </ClCompile>
    <ClCompile Include="Luxdlg.cpp">
      <Filter>Source Files</Filter>
    </ClCompile>
    <ClCompile Include="main.cpp">
      <Filter>Source Files</Filter>
    </ClCompile>
    <ClCompile Include="LuxMtl_Null.cpp">
      <Filter>Source Files</Filter>
    </ClCompile>
    <ClCompile Include="MaxToLux.cpp">
      <Filter>Source Files</Filter>
    </ClCompile>
    <ClCompile Include="LuxMtls.cpp">
      <Filter>Source Files</Filter>
    </ClCompile>
  </ItemGroup>
  <ItemGroup>
    <ClInclude Include="luxlight.h">
      <Filter>Header Files</Filter>
    </ClInclude>
    <ClInclude Include="Classes.h">
      <Filter>Header Files</Filter>
    </ClInclude>
    <ClInclude Include="LuxCamera.h">
      <Filter>Header Files</Filter>
    </ClInclude>
    <ClInclude Include="LuxLights.h">
      <Filter>Header Files</Filter>
    </ClInclude>
    <ClInclude Include="LuxMaterials.h">
      <Filter>Header Files</Filter>
    </ClInclude>
    <ClInclude Include="LuxMesh.h">
      <Filter>Header Files</Filter>
    </ClInclude>
    <ClInclude Include="LuxUtils.h">
      <Filter>Header Files</Filter>
    </ClInclude>
    <ClInclude Include="main.h">
      <Filter>Header Files</Filter>
    </ClInclude>
    <ClInclude Include="resource.h">
      <Filter>Header Files</Filter>
    </ClInclude>
    <ClInclude Include="MaxToLux.h">
      <Filter>Header Files</Filter>
    </ClInclude>
    <ClInclude Include="LuxMtls.h">
      <Filter>Header Files</Filter>
    </ClInclude>
  </ItemGroup>
  <ItemGroup>
    <Filter Include="Source Files">
      <UniqueIdentifier>{92EA4487-C93B-4860-8668-01C8FA5BB175}</UniqueIdentifier>
    </Filter>
    <Filter Include="Resource Files">
      <UniqueIdentifier>{E5DC6292-84E8-4471-BB53-A055DE581C40}</UniqueIdentifier>
    </Filter>
    <Filter Include="Header Files">
      <UniqueIdentifier>{45AAA507-5486-4B1E-8644-F7C9E3D63986}</UniqueIdentifier>
    </Filter>
  </ItemGroup>
  <ItemGroup>
    <ResourceCompile Include="MaxToLux.rc">
      <Filter>Resource Files</Filter>
    </ResourceCompile>
  </ItemGroup>
  <ItemGroup>
    <None Include="MaxToLux.def">
      <Filter>Resource Files</Filter>
    </None>
  </ItemGroup>
</Project>