<?xml version="1.0" encoding="utf-8"?>
<Project ToolsVersion="4.0" xmlns="http://schemas.microsoft.com/developer/msbuild/2003">
  <ItemGroup>
    <Filter Include="Source Files">
      <UniqueIdentifier>{1B2D323B-4DC4-479F-BB55-2FC57EDCCDDD}</UniqueIdentifier>
      <Extensions>cpp;c;cxx;rc;def;r;odl;idl;hpj;bat</Extensions>
    </Filter>
    <Filter Include="Header Files">
      <UniqueIdentifier>{2C5A5752-C4BE-4727-B2E8-A1EB1F9CD567}</UniqueIdentifier>
      <Extensions>h;hpp;hxx;hm;inl</Extensions>
    </Filter>
    <Filter Include="Resource Files">
      <UniqueIdentifier>{D1D44B55-6E7A-4305-A360-95187ECE2C59}</UniqueIdentifier>
      <Extensions>ico;cur;bmp;dlg;rc2;rct;bin;rgs;gif;jpg;jpeg;jpe</Extensions>
    </Filter>
  </ItemGroup>
  <ItemGroup>
    <ClCompile Include="DllEntry.cpp">
      <Filter>Source Files</Filter>
    </ClCompile>
    <ClCompile Include="Lux_Checker2d.cpp">
      <Filter>Source Files</Filter>
    </ClCompile>
    <ClCompile Include="Lux_Checker3d.cpp">
      <Filter>Source Files</Filter>
    </ClCompile>
    <ClCompile Include="Lux_Add.cpp">
      <Filter>Source Files</Filter>
    </ClCompile>
    <ClCompile Include="Lux_Subtract.cpp">
      <Filter>Source Files</Filter>
    </ClCompile>
    <ClCompile Include="Lux_Scale.cpp">
      <Filter>Source Files</Filter>
    </ClCompile>
    <ClCompile Include="Lux_Mix.cpp">
      <Filter>Source Files</Filter>
    </ClCompile>
    <ClCompile Include="Lux_Power.cpp">
      <Filter>Source Files</Filter>
    </ClCompile>
    <ClCompile Include="Lux_Divide.cpp">
      <Filter>Source Files</Filter>
    </ClCompile>
    <ClCompile Include="Lux_DotProduct.cpp">
      <Filter>Source Files</Filter>
    </ClCompile>
    <ClCompile Include="Lux_LessThan.cpp">
      <Filter>Source Files</Filter>
    </ClCompile>
    <ClCompile Include="Lux_GreaterThan.cpp">
      <Filter>Source Files</Filter>
    </ClCompile>
    <ClCompile Include="Lux_Abs.cpp">
      <Filter>Source Files</Filter>
    </ClCompile>
    <ClCompile Include="Lux_Clamp.cpp">
      <Filter>Source Files</Filter>
    </ClCompile>
    <ClCompile Include="Lux_Round.cpp">
      <Filter>Source Files</Filter>
    </ClCompile>
    <ClCompile Include="Lux_Modulo.cpp">
      <Filter>Source Files</Filter>
    </ClCompile>
    <ClCompile Include="Lux_Normal.cpp">
      <Filter>Source Files</Filter>
    </ClCompile>
    <ClCompile Include="Lux_Volume_Clear.cpp">
      <Filter>Source Files</Filter>
    </ClCompile>
    <ClCompile Include="Lux_Volume_Homogeneous.cpp">
      <Filter>Source Files</Filter>
    </ClCompile>
    <ClCompile Include="Lux_Volume_Hetrogeneous.cpp">
      <Filter>Source Files</Filter>
    </ClCompile>
  </ItemGroup>
  <ItemGroup>
    <ClInclude Include="3dsmaxsdk_preinclude.h">
      <Filter>Header Files</Filter>
    </ClInclude>
    <ClInclude Include="resource.h">
      <Filter>Header Files</Filter>
    </ClInclude>
    <ClInclude Include="Lux_Map.h">
      <Filter>Header Files</Filter>
    </ClInclude>
  </ItemGroup>
  <ItemGroup>
    <ResourceCompile Include="Lux_map.rc">
      <Filter>Resource Files</Filter>
    </ResourceCompile>
  </ItemGroup>
  <ItemGroup>
    <None Include="Lux_Map.def">
      <Filter>Source Files</Filter>
    </None>
  </ItemGroup>
</Project>