<?xml version="1.0" encoding="utf-8"?>
<Project ToolsVersion="4.0" xmlns="http://schemas.microsoft.com/developer/msbuild/2003">
  <ItemGroup>
    <ClCompile Include="camera.cpp" />
    <ClCompile Include="light.cpp" />
    <ClCompile Include="main.cpp" />
    <ClCompile Include="prothelp.cpp" />
    <ClCompile Include="target.cpp" />
  </ItemGroup>
  <ItemGroup>
    <ClInclude Include="camera.h">
      <Filter>Headers</Filter>
    </ClInclude>
    <ClInclude Include="light.h">
      <Filter>Headers</Filter>
    </ClInclude>
    <ClInclude Include="main.h">
      <Filter>Headers</Filter>
    </ClInclude>
    <ClInclude Include="prothelp.h">
      <Filter>Headers</Filter>
    </ClInclude>
    <ClInclude Include="resource.h">
      <Filter>Headers</Filter>
    </ClInclude>
    <ClInclude Include="target.h">
      <Filter>Headers</Filter>
    </ClInclude>
  </ItemGroup>
  <ItemGroup>
    <ResourceCompile Include="luxObj.rc" />
  </ItemGroup>
  <ItemGroup>
    <None Include="luxObj.def" />
  </ItemGroup>
  <ItemGroup>
    <Filter Include="Headers">
      <UniqueIdentifier>{25dd0767-4e4f-47ec-bcd7-dd1d18e32901}</UniqueIdentifier>
    </Filter>
  </ItemGroup>
</Project>